
Microsoft Visual Studio Solution File, Format Version 12.00
# Visual Studio 14
VisualStudioVersion = 14.0.25420.1
MinimumVisualStudioVersion = 10.0.40219.1
Project("{FAE04EC0-301F-11D3-BF4B-00C04F79EFBC}") = "CheXiuCrawler", "CheXiuCrawler\CheXiuCrawler.csproj", "{FDA1B4FE-798E-4C69-8FD0-6540DB49BE6A}"
EndProject
Project("{FAE04EC0-301F-11D3-BF4B-00C04F79EFBC}") = "POPO.Http.Helper", "POPO.Http.Helper\POPO.Http.Helper.csproj", "{45119BE4-0D8E-448D-A2C4-7491734F7317}"
EndProject
Global
	GlobalSection(SolutionConfigurationPlatforms) = preSolution
		Debug|Any CPU = Debug|Any CPU
		Release|Any CPU = Release|Any CPU
	EndGlobalSection
	GlobalSection(ProjectConfigurationPlatforms) = postSolution
		{FDA1B4FE-798E-4C69-8FD0-6540DB49BE6A}.Debug|Any CPU.ActiveCfg = Debug|Any CPU
		{FDA1B4FE-798E-4C69-8FD0-6540DB49BE6A}.Debug|Any CPU.Build.0 = Debug|Any CPU
		{FDA1B4FE-798E-4C69-8FD0-6540DB49BE6A}.Release|Any CPU.ActiveCfg = Release|Any CPU
		{FDA1B4FE-798E-4C69-8FD0-6540DB49BE6A}.Release|Any CPU.Build.0 = Release|Any CPU
		{45119BE4-0D8E-448D-A2C4-7491734F7317}.Debug|Any CPU.ActiveCfg = Debug|Any CPU
		{45119BE4-0D8E-448D-A2C4-7491734F7317}.Debug|Any CPU.Build.0 = Debug|Any CPU
		{45119BE4-0D8E-448D-A2C4-7491734F7317}.Release|Any CPU.ActiveCfg = Release|Any CPU
		{45119BE4-0D8E-448D-A2C4-7491734F7317}.Release|Any CPU.Build.0 = Release|Any CPU
	EndGlobalSection
	GlobalSection(SolutionProperties) = preSolution
		HideSolutionNode = FALSE
	EndGlobalSection
EndGlobal
